// !$*UTF8*$!
{
	archiveVersion = 1;
	classes = {
	};
	objectVersion = 70;
	objects = {

/* Begin PBXBuildFile section */
		4505FAFC2C08B37400A9B11E /* ChatResponse.swift in Sources */ = {isa = PBXBuildFile; fileRef = 4505FAFB2C08B37400A9B11E /* ChatResponse.swift */; };
		4505FAFE2C08B67500A9B11E /* ChatRequest.swift in Sources */ = {isa = PBXBuildFile; fileRef = 4505FAFD2C08B67500A9B11E /* ChatRequest.swift */; };
		4505FB002C08B74300A9B11E /* Message.swift in Sources */ = {isa = PBXBuildFile; fileRef = 4505FAFF2C08B74300A9B11E /* Message.swift */; };
		4505FB022C08CB7B00A9B11E /* Router.swift in Sources */ = {isa = PBXBuildFile; fileRef = 4505FB012C08CB7B00A9B11E /* Router.swift */; };
		4505FB062C08D59800A9B11E /* Ollama+Chat.swift in Sources */ = {isa = PBXBuildFile; fileRef = 4505FB052C08D59800A9B11E /* Ollama+Chat.swift */; };
		4505FB082C08D87D00A9B11E /* FileHandler.swift in Sources */ = {isa = PBXBuildFile; fileRef = 4505FB072C08D87D00A9B11E /* FileHandler.swift */; };
		4505FB0A2C0B352F00A9B11E /* Ollama+Generate.swift in Sources */ = {isa = PBXBuildFile; fileRef = 4505FB092C0B352F00A9B11E /* Ollama+Generate.swift */; };
		4505FB0C2C0E218E00A9B11E /* InferenceAction.swift in Sources */ = {isa = PBXBuildFile; fileRef = 4505FB0B2C0E218E00A9B11E /* InferenceAction.swift */; };
		450A22662BF3AEDC002B1179 /* main.swift in Sources */ = {isa = PBXBuildFile; fileRef = 450A22652BF3AEDC002B1179 /* main.swift */; };
		4597F59B2C19FB78001D0AF3 /* Accessibility.swift in Sources */ = {isa = PBXBuildFile; fileRef = 4597F59A2C19FB78001D0AF3 /* Accessibility.swift */; };
		45C42F242CA9A4D700ED1ED1 /* Ollama.swift in Sources */ = {isa = PBXBuildFile; fileRef = 45C42F232CA9A4D700ED1ED1 /* Ollama.swift */; };
		45C42F3F2CA9ACD800ED1ED1 /* Types+Extension.swift in Sources */ = {isa = PBXBuildFile; fileRef = 45C42F3E2CA9ACD800ED1ED1 /* Types+Extension.swift */; };
		45C42F412CA9AD8D00ED1ED1 /* Ollama+Model.swift in Sources */ = {isa = PBXBuildFile; fileRef = 45C42F402CA9AD8D00ED1ED1 /* Ollama+Model.swift */; };
/* End PBXBuildFile section */

/* Begin PBXCopyFilesBuildPhase section */
		450A22602BF3AEDC002B1179 /* CopyFiles */ = {
			isa = PBXCopyFilesBuildPhase;
			buildActionMask = 12;
			dstPath = "";
			dstSubfolderSpec = 7;
			files = (
			);
			runOnlyForDeploymentPostprocessing = 0;
		};
/* End PBXCopyFilesBuildPhase section */

/* Begin PBXFileReference section */
		4505FAFB2C08B37400A9B11E /* ChatResponse.swift */ = {isa = PBXFileReference; lastKnownFileType = sourcecode.swift; path = ChatResponse.swift; sourceTree = "<group>"; };
		4505FAFD2C08B67500A9B11E /* ChatRequest.swift */ = {isa = PBXFileReference; lastKnownFileType = sourcecode.swift; path = ChatRequest.swift; sourceTree = "<group>"; };
		4505FAFF2C08B74300A9B11E /* Message.swift */ = {isa = PBXFileReference; lastKnownFileType = sourcecode.swift; path = Message.swift; sourceTree = "<group>"; };
		4505FB012C08CB7B00A9B11E /* Router.swift */ = {isa = PBXFileReference; lastKnownFileType = sourcecode.swift; path = Router.swift; sourceTree = "<group>"; };
		4505FB052C08D59800A9B11E /* Ollama+Chat.swift */ = {isa = PBXFileReference; lastKnownFileType = sourcecode.swift; path = "Ollama+Chat.swift"; sourceTree = "<group>"; };
		4505FB072C08D87D00A9B11E /* FileHandler.swift */ = {isa = PBXFileReference; lastKnownFileType = sourcecode.swift; path = FileHandler.swift; sourceTree = "<group>"; };
		4505FB092C0B352F00A9B11E /* Ollama+Generate.swift */ = {isa = PBXFileReference; lastKnownFileType = sourcecode.swift; path = "Ollama+Generate.swift"; sourceTree = "<group>"; };
		4505FB0B2C0E218E00A9B11E /* InferenceAction.swift */ = {isa = PBXFileReference; lastKnownFileType = sourcecode.swift; path = InferenceAction.swift; sourceTree = "<group>"; };
		450A22622BF3AEDC002B1179 /* Alfred Ollama */ = {isa = PBXFileReference; explicitFileType = "compiled.mach-o.executable"; includeInIndex = 0; path = "Alfred Ollama"; sourceTree = BUILT_PRODUCTS_DIR; };
		450A22652BF3AEDC002B1179 /* main.swift */ = {isa = PBXFileReference; lastKnownFileType = sourcecode.swift; path = main.swift; sourceTree = "<group>"; };
		4597F59A2C19FB78001D0AF3 /* Accessibility.swift */ = {isa = PBXFileReference; lastKnownFileType = sourcecode.swift; path = Accessibility.swift; sourceTree = "<group>"; };
		4597F59D2C1B2126001D0AF3 /* Info.plist */ = {isa = PBXFileReference; lastKnownFileType = text.plist.xml; path = Info.plist; sourceTree = "<group>"; };
		45C42F232CA9A4D700ED1ED1 /* Ollama.swift */ = {isa = PBXFileReference; lastKnownFileType = sourcecode.swift; path = Ollama.swift; sourceTree = "<group>"; };
		45C42F3E2CA9ACD800ED1ED1 /* Types+Extension.swift */ = {isa = PBXFileReference; lastKnownFileType = sourcecode.swift; path = "Types+Extension.swift"; sourceTree = "<group>"; };
		45C42F402CA9AD8D00ED1ED1 /* Ollama+Model.swift */ = {isa = PBXFileReference; lastKnownFileType = sourcecode.swift; path = "Ollama+Model.swift"; sourceTree = "<group>"; };
/* End PBXFileReference section */

/* Begin PBXFileSystemSynchronizedRootGroup section */
		45C42F222CA9A48900ED1ED1 /* Workflow */ = {isa = PBXFileSystemSynchronizedRootGroup; explicitFileTypes = {}; explicitFolders = (); path = Workflow; sourceTree = "<group>"; };
/* End PBXFileSystemSynchronizedRootGroup section */

/* Begin PBXFrameworksBuildPhase section */
		450A225F2BF3AEDC002B1179 /* Frameworks */ = {
			isa = PBXFrameworksBuildPhase;
			buildActionMask = 2147483647;
			files = (
			);
			runOnlyForDeploymentPostprocessing = 0;
		};
/* End PBXFrameworksBuildPhase section */

/* Begin PBXGroup section */
		450A22592BF3AEDC002B1179 = {
			isa = PBXGroup;
			children = (
				450A22642BF3AEDC002B1179 /* Ollama */,
				450A22632BF3AEDC002B1179 /* Products */,
			);
			sourceTree = "<group>";
		};
		450A22632BF3AEDC002B1179 /* Products */ = {
			isa = PBXGroup;
			children = (
				450A22622BF3AEDC002B1179 /* Alfred Ollama */,
			);
			name = Products;
			sourceTree = "<group>";
		};
		450A22642BF3AEDC002B1179 /* Ollama */ = {
			isa = PBXGroup;
			children = (
				450A22652BF3AEDC002B1179 /* main.swift */,
				45C42F232CA9A4D700ED1ED1 /* Ollama.swift */,
				4505FB052C08D59800A9B11E /* Ollama+Chat.swift */,
				4505FB092C0B352F00A9B11E /* Ollama+Generate.swift */,
				4505FB072C08D87D00A9B11E /* FileHandler.swift */,
				4505FB012C08CB7B00A9B11E /* Router.swift */,
				45C42F3E2CA9ACD800ED1ED1 /* Types+Extension.swift */,
				450A226C2BF3CA69002B1179 /* Models */,
				4597F5992C19FB64001D0AF3 /* AX */,
				45C42F222CA9A48900ED1ED1 /* Workflow */,
				4597F59D2C1B2126001D0AF3 /* Info.plist */,
			);
			path = Ollama;
			sourceTree = "<group>";
		};
		450A226C2BF3CA69002B1179 /* Models */ = {
			isa = PBXGroup;
			children = (
				4505FAFF2C08B74300A9B11E /* Message.swift */,
				4505FAFD2C08B67500A9B11E /* ChatRequest.swift */,
				4505FAFB2C08B37400A9B11E /* ChatResponse.swift */,
				4505FB0B2C0E218E00A9B11E /* InferenceAction.swift */,
				45C42F402CA9AD8D00ED1ED1 /* Ollama+Model.swift */,
			);
			path = Models;
			sourceTree = "<group>";
		};
		4597F5992C19FB64001D0AF3 /* AX */ = {
			isa = PBXGroup;
			children = (
				4597F59A2C19FB78001D0AF3 /* Accessibility.swift */,
			);
			path = AX;
			sourceTree = "<group>";
		};
/* End PBXGroup section */

/* Begin PBXNativeTarget section */
		450A22612BF3AEDC002B1179 /* Ollama */ = {
			isa = PBXNativeTarget;
			buildConfigurationList = 450A22692BF3AEDC002B1179 /* Build configuration list for PBXNativeTarget "Ollama" */;
			buildPhases = (
				450A225E2BF3AEDC002B1179 /* Sources */,
				450A225F2BF3AEDC002B1179 /* Frameworks */,
				450A22602BF3AEDC002B1179 /* CopyFiles */,
			);
			buildRules = (
			);
			dependencies = (
			);
			fileSystemSynchronizedGroups = (
				45C42F222CA9A48900ED1ED1 /* Workflow */,
			);
			name = Ollama;
			productName = Ollama;
			productReference = 450A22622BF3AEDC002B1179 /* Alfred Ollama */;
			productType = "com.apple.product-type.tool";
		};
/* End PBXNativeTarget section */

/* Begin PBXProject section */
		450A225A2BF3AEDC002B1179 /* Project object */ = {
			isa = PBXProject;
			attributes = {
				BuildIndependentTargetsInParallel = 1;
				LastSwiftUpdateCheck = 1530;
				LastUpgradeCheck = 1540;
				TargetAttributes = {
					450A22612BF3AEDC002B1179 = {
						CreatedOnToolsVersion = 15.3;
					};
				};
			};
			buildConfigurationList = 450A225D2BF3AEDC002B1179 /* Build configuration list for PBXProject "Ollama" */;
			compatibilityVersion = "Xcode 14.0";
			developmentRegion = en;
			hasScannedForEncodings = 0;
			knownRegions = (
				en,
				Base,
			);
			mainGroup = 450A22592BF3AEDC002B1179;
			productRefGroup = 450A22632BF3AEDC002B1179 /* Products */;
			projectDirPath = "";
			projectRoot = "";
			targets = (
				450A22612BF3AEDC002B1179 /* Ollama */,
			);
		};
/* End PBXProject section */

/* Begin PBXSourcesBuildPhase section */
		450A225E2BF3AEDC002B1179 /* Sources */ = {
			isa = PBXSourcesBuildPhase;
			buildActionMask = 2147483647;
			files = (
				45C42F242CA9A4D700ED1ED1 /* Ollama.swift in Sources */,
				450A22662BF3AEDC002B1179 /* main.swift in Sources */,
				4505FB0C2C0E218E00A9B11E /* InferenceAction.swift in Sources */,
				4505FAFE2C08B67500A9B11E /* ChatRequest.swift in Sources */,
				4505FB082C08D87D00A9B11E /* FileHandler.swift in Sources */,
				45C42F412CA9AD8D00ED1ED1 /* Ollama+Model.swift in Sources */,
				4597F59B2C19FB78001D0AF3 /* Accessibility.swift in Sources */,
				4505FB022C08CB7B00A9B11E /* Router.swift in Sources */,
				4505FB0A2C0B352F00A9B11E /* Ollama+Generate.swift in Sources */,
				4505FB062C08D59800A9B11E /* Ollama+Chat.swift in Sources */,
				4505FB002C08B74300A9B11E /* Message.swift in Sources */,
				45C42F3F2CA9ACD800ED1ED1 /* Types+Extension.swift in Sources */,
				4505FAFC2C08B37400A9B11E /* ChatResponse.swift in Sources */,
			);
			runOnlyForDeploymentPostprocessing = 0;
		};
/* End PBXSourcesBuildPhase section */

/* Begin XCBuildConfiguration section */
		450A22672BF3AEDC002B1179 /* Debug */ = {
			isa = XCBuildConfiguration;
			buildSettings = {
				ALWAYS_SEARCH_USER_PATHS = NO;
				ASSETCATALOG_COMPILER_GENERATE_SWIFT_ASSET_SYMBOL_EXTENSIONS = YES;
				CLANG_ANALYZER_NONNULL = YES;
				CLANG_ANALYZER_NUMBER_OBJECT_CONVERSION = YES_AGGRESSIVE;
				CLANG_CXX_LANGUAGE_STANDARD = "gnu++20";
				CLANG_ENABLE_MODULES = YES;
				CLANG_ENABLE_OBJC_ARC = YES;
				CLANG_ENABLE_OBJC_WEAK = YES;
				CLANG_WARN_BLOCK_CAPTURE_AUTORELEASING = YES;
				CLANG_WARN_BOOL_CONVERSION = YES;
				CLANG_WARN_COMMA = YES;
				CLANG_WARN_CONSTANT_CONVERSION = YES;
				CLANG_WARN_DEPRECATED_OBJC_IMPLEMENTATIONS = YES;
				CLANG_WARN_DIRECT_OBJC_ISA_USAGE = YES_ERROR;
				CLANG_WARN_DOCUMENTATION_COMMENTS = YES;
				CLANG_WARN_EMPTY_BODY = YES;
				CLANG_WARN_ENUM_CONVERSION = YES;
				CLANG_WARN_INFINITE_RECURSION = YES;
				CLANG_WARN_INT_CONVERSION = YES;
				CLANG_WARN_NON_LITERAL_NULL_CONVERSION = YES;
				CLANG_WARN_OBJC_IMPLICIT_RETAIN_SELF = YES;
				CLANG_WARN_OBJC_LITERAL_CONVERSION = YES;
				CLANG_WARN_OBJC_ROOT_CLASS = YES_ERROR;
				CLANG_WARN_QUOTED_INCLUDE_IN_FRAMEWORK_HEADER = YES;
				CLANG_WARN_RANGE_LOOP_ANALYSIS = YES;
				CLANG_WARN_STRICT_PROTOTYPES = YES;
				CLANG_WARN_SUSPICIOUS_MOVE = YES;
				CLANG_WARN_UNGUARDED_AVAILABILITY = YES_AGGRESSIVE;
				CLANG_WARN_UNREACHABLE_CODE = YES;
				CLANG_WARN__DUPLICATE_METHOD_MATCH = YES;
				COPY_PHASE_STRIP = NO;
				CREATE_INFOPLIST_SECTION_IN_BINARY = YES;
				DEAD_CODE_STRIPPING = YES;
				DEBUG_INFORMATION_FORMAT = dwarf;
				ENABLE_STRICT_OBJC_MSGSEND = YES;
				ENABLE_TESTABILITY = YES;
				ENABLE_USER_SCRIPT_SANDBOXING = YES;
				GCC_C_LANGUAGE_STANDARD = gnu17;
				GCC_DYNAMIC_NO_PIC = NO;
				GCC_NO_COMMON_BLOCKS = YES;
				GCC_OPTIMIZATION_LEVEL = 0;
				GCC_PREPROCESSOR_DEFINITIONS = (
					"DEBUG=1",
					"$(inherited)",
				);
				GCC_WARN_64_TO_32_BIT_CONVERSION = YES;
				GCC_WARN_ABOUT_RETURN_TYPE = YES_ERROR;
				GCC_WARN_UNDECLARED_SELECTOR = YES;
				GCC_WARN_UNINITIALIZED_AUTOS = YES_AGGRESSIVE;
				GCC_WARN_UNUSED_FUNCTION = YES;
				GCC_WARN_UNUSED_VARIABLE = YES;
				GENERATE_INFOPLIST_FILE = NO;
				INFOPLIST_FILE = "$(SRCROOT)/Ollama/info.plist";
				LOCALIZATION_PREFERS_STRING_CATALOGS = YES;
				MACOSX_DEPLOYMENT_TARGET = 13.0;
				MTL_ENABLE_DEBUG_INFO = INCLUDE_SOURCE;
				MTL_FAST_MATH = YES;
				ONLY_ACTIVE_ARCH = YES;
				PRODUCT_BUNDLE_IDENTIFIER = com.zeitlings.alfred.ollama;
				PRODUCT_NAME = "Alfred Ollama";
				SDKROOT = macosx;
				SWIFT_ACTIVE_COMPILATION_CONDITIONS = "DEBUG $(inherited)";
				SWIFT_OPTIMIZATION_LEVEL = "-Onone";
			};
			name = Debug;
		};
		450A22682BF3AEDC002B1179 /* Release */ = {
			isa = XCBuildConfiguration;
			buildSettings = {
				ALWAYS_SEARCH_USER_PATHS = NO;
				ASSETCATALOG_COMPILER_GENERATE_SWIFT_ASSET_SYMBOL_EXTENSIONS = YES;
				CLANG_ANALYZER_NONNULL = YES;
				CLANG_ANALYZER_NUMBER_OBJECT_CONVERSION = YES_AGGRESSIVE;
				CLANG_CXX_LANGUAGE_STANDARD = "gnu++20";
				CLANG_ENABLE_MODULES = YES;
				CLANG_ENABLE_OBJC_ARC = YES;
				CLANG_ENABLE_OBJC_WEAK = YES;
				CLANG_WARN_BLOCK_CAPTURE_AUTORELEASING = YES;
				CLANG_WARN_BOOL_CONVERSION = YES;
				CLANG_WARN_COMMA = YES;
				CLANG_WARN_CONSTANT_CONVERSION = YES;
				CLANG_WARN_DEPRECATED_OBJC_IMPLEMENTATIONS = YES;
				CLANG_WARN_DIRECT_OBJC_ISA_USAGE = YES_ERROR;
				CLANG_WARN_DOCUMENTATION_COMMENTS = YES;
				CLANG_WARN_EMPTY_BODY = YES;
				CLANG_WARN_ENUM_CONVERSION = YES;
				CLANG_WARN_INFINITE_RECURSION = YES;
				CLANG_WARN_INT_CONVERSION = YES;
				CLANG_WARN_NON_LITERAL_NULL_CONVERSION = YES;
				CLANG_WARN_OBJC_IMPLICIT_RETAIN_SELF = YES;
				CLANG_WARN_OBJC_LITERAL_CONVERSION = YES;
				CLANG_WARN_OBJC_ROOT_CLASS = YES_ERROR;
				CLANG_WARN_QUOTED_INCLUDE_IN_FRAMEWORK_HEADER = YES;
				CLANG_WARN_RANGE_LOOP_ANALYSIS = YES;
				CLANG_WARN_STRICT_PROTOTYPES = YES;
				CLANG_WARN_SUSPICIOUS_MOVE = YES;
				CLANG_WARN_UNGUARDED_AVAILABILITY = YES_AGGRESSIVE;
				CLANG_WARN_UNREACHABLE_CODE = YES;
				CLANG_WARN__DUPLICATE_METHOD_MATCH = YES;
				COPY_PHASE_STRIP = NO;
				CREATE_INFOPLIST_SECTION_IN_BINARY = YES;
				DEAD_CODE_STRIPPING = YES;
				DEBUG_INFORMATION_FORMAT = "dwarf-with-dsym";
				ENABLE_NS_ASSERTIONS = NO;
				ENABLE_STRICT_OBJC_MSGSEND = YES;
				ENABLE_USER_SCRIPT_SANDBOXING = YES;
				GCC_C_LANGUAGE_STANDARD = gnu17;
				GCC_NO_COMMON_BLOCKS = YES;
				GCC_WARN_64_TO_32_BIT_CONVERSION = YES;
				GCC_WARN_ABOUT_RETURN_TYPE = YES_ERROR;
				GCC_WARN_UNDECLARED_SELECTOR = YES;
				GCC_WARN_UNINITIALIZED_AUTOS = YES_AGGRESSIVE;
				GCC_WARN_UNUSED_FUNCTION = YES;
				GCC_WARN_UNUSED_VARIABLE = YES;
				GENERATE_INFOPLIST_FILE = NO;
				INFOPLIST_FILE = "$(SRCROOT)/Ollama/info.plist";
				LOCALIZATION_PREFERS_STRING_CATALOGS = YES;
				MACOSX_DEPLOYMENT_TARGET = 13.0;
				MTL_ENABLE_DEBUG_INFO = NO;
				MTL_FAST_MATH = YES;
				PRODUCT_BUNDLE_IDENTIFIER = com.zeitlings.alfred.ollama;
				PRODUCT_NAME = "Alfred Ollama";
				SDKROOT = macosx;
				SWIFT_COMPILATION_MODE = wholemodule;
			};
			name = Release;
		};
		450A226A2BF3AEDC002B1179 /* Debug */ = {
			isa = XCBuildConfiguration;
			buildSettings = {
				ASSETCATALOG_COMPILER_GENERATE_SWIFT_ASSET_SYMBOL_EXTENSIONS = YES;
				CODE_SIGN_STYLE = Automatic;
				CURRENT_PROJECT_VERSION = 2;
				DEAD_CODE_STRIPPING = YES;
				DEVELOPMENT_TEAM = U238XAT93R;
				DONT_GENERATE_INFOPLIST_FILE = NO;
				EMBED_ASSET_PACKS_IN_PRODUCT_BUNDLE = NO;
				ENABLE_HARDENED_RUNTIME = YES;
				ENABLE_ON_DEMAND_RESOURCES = NO;
				GENERATE_INFOPLIST_FILE = NO;
				INFOPLIST_FILE = "$(SRCROOT)/Ollama/Info.plist";
				MARKETING_VERSION = 2.0.0;
				PRODUCT_BUNDLE_IDENTIFIER = com.zeitlings.alfred.ollama;
				PRODUCT_NAME = "Alfred $(TARGET_NAME)";
				SWIFT_VERSION = 5.0;
			};
			name = Debug;
		};
		450A226B2BF3AEDC002B1179 /* Release */ = {
			isa = XCBuildConfiguration;
			buildSettings = {
				ASSETCATALOG_COMPILER_GENERATE_SWIFT_ASSET_SYMBOL_EXTENSIONS = YES;
				CODE_SIGN_STYLE = Automatic;
				CURRENT_PROJECT_VERSION = 2;
				DEAD_CODE_STRIPPING = YES;
				DEVELOPMENT_TEAM = U238XAT93R;
				DONT_GENERATE_INFOPLIST_FILE = NO;
				EMBED_ASSET_PACKS_IN_PRODUCT_BUNDLE = NO;
				ENABLE_HARDENED_RUNTIME = YES;
				ENABLE_ON_DEMAND_RESOURCES = NO;
				GENERATE_INFOPLIST_FILE = NO;
				INFOPLIST_FILE = "$(SRCROOT)/Ollama/Info.plist";
				MARKETING_VERSION = 2.0.0;
				PRODUCT_BUNDLE_IDENTIFIER = com.zeitlings.alfred.ollama;
				PRODUCT_NAME = "Alfred $(TARGET_NAME)";
				SWIFT_VERSION = 5.0;
			};
			name = Release;
		};
/* End XCBuildConfiguration section */

/* Begin XCConfigurationList section */
		450A225D2BF3AEDC002B1179 /* Build configuration list for PBXProject "Ollama" */ = {
			isa = XCConfigurationList;
			buildConfigurations = (
				450A22672BF3AEDC002B1179 /* Debug */,
				450A22682BF3AEDC002B1179 /* Release */,
			);
			defaultConfigurationIsVisible = 0;
			defaultConfigurationName = Release;
		};
		450A22692BF3AEDC002B1179 /* Build configuration list for PBXNativeTarget "Ollama" */ = {
			isa = XCConfigurationList;
			buildConfigurations = (
				450A226A2BF3AEDC002B1179 /* Debug */,
				450A226B2BF3AEDC002B1179 /* Release */,
			);
			defaultConfigurationIsVisible = 0;
			defaultConfigurationName = Release;
		};
/* End XCConfigurationList section */
	};
	rootObject = 450A225A2BF3AEDC002B1179 /* Project object */;
}
